// !$*UTF8*$!
{
	archiveVersion = 1;
	classes = {
	};
	objectVersion = 51;
	objects = {

/* Begin PBXBuildFile section */
		85257EC0267F8251006E2F49 /* AppDelegate.swift in Sources */ = {isa = PBXBuildFile; fileRef = 85257EBF267F8251006E2F49 /* AppDelegate.swift */; };
		85257EC2267F8251006E2F49 /* SceneDelegate.swift in Sources */ = {isa = PBXBuildFile; fileRef = 85257EC1267F8251006E2F49 /* SceneDelegate.swift */; };
		85257EC4267F8251006E2F49 /* RecipesViewController.swift in Sources */ = {isa = PBXBuildFile; fileRef = 85257EC3267F8251006E2F49 /* RecipesViewController.swift */; };
		85257EC7267F8251006E2F49 /* Main.storyboard in Resources */ = {isa = PBXBuildFile; fileRef = 85257EC5267F8251006E2F49 /* Main.storyboard */; };
		85257EC9267F8253006E2F49 /* Assets.xcassets in Resources */ = {isa = PBXBuildFile; fileRef = 85257EC8267F8253006E2F49 /* Assets.xcassets */; };
		85257ECC267F8253006E2F49 /* LaunchScreen.storyboard in Resources */ = {isa = PBXBuildFile; fileRef = 85257ECA267F8253006E2F49 /* LaunchScreen.storyboard */; };
		85257ED4267F8332006E2F49 /* Recipe.swift in Sources */ = {isa = PBXBuildFile; fileRef = 85257ED3267F8332006E2F49 /* Recipe.swift */; };
		85257EDA267F98B1006E2F49 /* RecipeTableViewCell.swift in Sources */ = {isa = PBXBuildFile; fileRef = 85257ED8267F98B1006E2F49 /* RecipeTableViewCell.swift */; };
		85257EDB267F98B1006E2F49 /* RecipeTableViewCell.xib in Resources */ = {isa = PBXBuildFile; fileRef = 85257ED9267F98B1006E2F49 /* RecipeTableViewCell.xib */; };
		85257EE026808847006E2F49 /* RecipeDetailsViewController.swift in Sources */ = {isa = PBXBuildFile; fileRef = 85257EDF26808847006E2F49 /* RecipeDetailsViewController.swift */; };
		85257EE22680885B006E2F49 /* RecipeDetails.storyboard in Resources */ = {isa = PBXBuildFile; fileRef = 85257EE12680885B006E2F49 /* RecipeDetails.storyboard */; };
		85DF829C2681E19600C2978A /* RecipesViewModel.swift in Sources */ = {isa = PBXBuildFile; fileRef = 85DF829B2681E19600C2978A /* RecipesViewModel.swift */; };
		85F01FB026823704008E12AF /* RecipeUIModel.swift in Sources */ = {isa = PBXBuildFile; fileRef = 85F01FAF26823704008E12AF /* RecipeUIModel.swift */; };
		85F01FB326823DAA008E12AF /* RecipeDetailsViewModel.swift in Sources */ = {isa = PBXBuildFile; fileRef = 85F01FB226823DAA008E12AF /* RecipeDetailsViewModel.swift */; };
		85F61CC926847EC4003E2D34 /* Login.storyboard in Resources */ = {isa = PBXBuildFile; fileRef = 85F61CC826847EC4003E2D34 /* Login.storyboard */; };
		85F61CCB26847F78003E2D34 /* LoginViewController.swift in Sources */ = {isa = PBXBuildFile; fileRef = 85F61CCA26847F78003E2D34 /* LoginViewController.swift */; };
		85F61CCE2684A568003E2D34 /* LoginViewModel.swift in Sources */ = {isa = PBXBuildFile; fileRef = 85F61CCD2684A568003E2D34 /* LoginViewModel.swift */; };
		85F61CD02688B5A8003E2D34 /* AppCoordinator.swift in Sources */ = {isa = PBXBuildFile; fileRef = 85F61CCF2688B5A8003E2D34 /* AppCoordinator.swift */; };
		85F61CD32688D8E9003E2D34 /* LoginCoordinator.swift in Sources */ = {isa = PBXBuildFile; fileRef = 85F61CD22688D8E9003E2D34 /* LoginCoordinator.swift */; };
		85F61CD62688F82F003E2D34 /* RecipesCoordinator.swift in Sources */ = {isa = PBXBuildFile; fileRef = 85F61CD52688F82F003E2D34 /* RecipesCoordinator.swift */; };
		85F61CD9268912BD003E2D34 /* RecipeDetailsCoordinator.swift in Sources */ = {isa = PBXBuildFile; fileRef = 85F61CD8268912BD003E2D34 /* RecipeDetailsCoordinator.swift */; };
		85F61CE12689C146003E2D34 /* RecipiesRXTests.swift in Sources */ = {isa = PBXBuildFile; fileRef = 85F61CE02689C146003E2D34 /* RecipiesRXTests.swift */; };
		85F61CEC2689CC64003E2D34 /* LoginViewModelTests.swift in Sources */ = {isa = PBXBuildFile; fileRef = 85F61CEB2689CC64003E2D34 /* LoginViewModelTests.swift */; };
		85F61CEE2689DD11003E2D34 /* LoginCoordinatorMockup.swift in Sources */ = {isa = PBXBuildFile; fileRef = 85F61CED2689DD11003E2D34 /* LoginCoordinatorMockup.swift */; };
		85F61CF2268B4DF5003E2D34 /* RecipesViewControllerTests.swift in Sources */ = {isa = PBXBuildFile; fileRef = 85F61CF1268B4DF5003E2D34 /* RecipesViewControllerTests.swift */; };
		8616DA0DDBADFAFB37BB6C60 /* Pods_RecipiesRX.framework in Frameworks */ = {isa = PBXBuildFile; fileRef = 21863DB6588CA45AE7679EFC /* Pods_RecipiesRX.framework */; };
		862BBF6042FBD4F5FB23B2C0 /* Pods_RecipiesRXTests.framework in Frameworks */ = {isa = PBXBuildFile; fileRef = 543708F3639C9429D85482CC /* Pods_RecipiesRXTests.framework */; };
/* End PBXBuildFile section */

/* Begin PBXContainerItemProxy section */
		85F61CE32689C146003E2D34 /* PBXContainerItemProxy */ = {
			isa = PBXContainerItemProxy;
			containerPortal = 85257EB4267F8251006E2F49 /* Project object */;
			proxyType = 1;
			remoteGlobalIDString = 85257EBB267F8251006E2F49;
			remoteInfo = RecipiesRX;
		};
/* End PBXContainerItemProxy section */

/* Begin PBXFileReference section */
		21863DB6588CA45AE7679EFC /* Pods_RecipiesRX.framework */ = {isa = PBXFileReference; explicitFileType = wrapper.framework; includeInIndex = 0; path = Pods_RecipiesRX.framework; sourceTree = BUILT_PRODUCTS_DIR; };
		2E787995D38FB7205D3005EB /* Pods-RecipiesRXTests.release.xcconfig */ = {isa = PBXFileReference; includeInIndex = 1; lastKnownFileType = text.xcconfig; name = "Pods-RecipiesRXTests.release.xcconfig"; path = "Target Support Files/Pods-RecipiesRXTests/Pods-RecipiesRXTests.release.xcconfig"; sourceTree = "<group>"; };
		543708F3639C9429D85482CC /* Pods_RecipiesRXTests.framework */ = {isa = PBXFileReference; explicitFileType = wrapper.framework; includeInIndex = 0; path = Pods_RecipiesRXTests.framework; sourceTree = BUILT_PRODUCTS_DIR; };
		85257EBC267F8251006E2F49 /* RecipiesRX.app */ = {isa = PBXFileReference; explicitFileType = wrapper.application; includeInIndex = 0; path = RecipiesRX.app; sourceTree = BUILT_PRODUCTS_DIR; };
		85257EBF267F8251006E2F49 /* AppDelegate.swift */ = {isa = PBXFileReference; lastKnownFileType = sourcecode.swift; path = AppDelegate.swift; sourceTree = "<group>"; };
		85257EC1267F8251006E2F49 /* SceneDelegate.swift */ = {isa = PBXFileReference; lastKnownFileType = sourcecode.swift; path = SceneDelegate.swift; sourceTree = "<group>"; };
		85257EC3267F8251006E2F49 /* RecipesViewController.swift */ = {isa = PBXFileReference; lastKnownFileType = sourcecode.swift; path = RecipesViewController.swift; sourceTree = "<group>"; };
		85257EC6267F8251006E2F49 /* Base */ = {isa = PBXFileReference; lastKnownFileType = file.storyboard; name = Base; path = Base.lproj/Main.storyboard; sourceTree = "<group>"; };
		85257EC8267F8253006E2F49 /* Assets.xcassets */ = {isa = PBXFileReference; lastKnownFileType = folder.assetcatalog; path = Assets.xcassets; sourceTree = "<group>"; };
		85257ECB267F8253006E2F49 /* Base */ = {isa = PBXFileReference; lastKnownFileType = file.storyboard; name = Base; path = Base.lproj/LaunchScreen.storyboard; sourceTree = "<group>"; };
		85257ECD267F8253006E2F49 /* Info.plist */ = {isa = PBXFileReference; lastKnownFileType = text.plist.xml; path = Info.plist; sourceTree = "<group>"; };
		85257ED3267F8332006E2F49 /* Recipe.swift */ = {isa = PBXFileReference; lastKnownFileType = sourcecode.swift; path = Recipe.swift; sourceTree = "<group>"; };
		85257ED8267F98B1006E2F49 /* RecipeTableViewCell.swift */ = {isa = PBXFileReference; lastKnownFileType = sourcecode.swift; path = RecipeTableViewCell.swift; sourceTree = "<group>"; };
		85257ED9267F98B1006E2F49 /* RecipeTableViewCell.xib */ = {isa = PBXFileReference; lastKnownFileType = file.xib; path = RecipeTableViewCell.xib; sourceTree = "<group>"; };
		85257EDF26808847006E2F49 /* RecipeDetailsViewController.swift */ = {isa = PBXFileReference; lastKnownFileType = sourcecode.swift; path = RecipeDetailsViewController.swift; sourceTree = "<group>"; };
		85257EE12680885B006E2F49 /* RecipeDetails.storyboard */ = {isa = PBXFileReference; lastKnownFileType = file.storyboard; path = RecipeDetails.storyboard; sourceTree = "<group>"; };
		85DF829B2681E19600C2978A /* RecipesViewModel.swift */ = {isa = PBXFileReference; lastKnownFileType = sourcecode.swift; path = RecipesViewModel.swift; sourceTree = "<group>"; };
		85F01FAF26823704008E12AF /* RecipeUIModel.swift */ = {isa = PBXFileReference; lastKnownFileType = sourcecode.swift; path = RecipeUIModel.swift; sourceTree = "<group>"; };
		85F01FB226823DAA008E12AF /* RecipeDetailsViewModel.swift */ = {isa = PBXFileReference; lastKnownFileType = sourcecode.swift; path = RecipeDetailsViewModel.swift; sourceTree = "<group>"; };
		85F61CC826847EC4003E2D34 /* Login.storyboard */ = {isa = PBXFileReference; lastKnownFileType = file.storyboard; path = Login.storyboard; sourceTree = "<group>"; };
		85F61CCA26847F78003E2D34 /* LoginViewController.swift */ = {isa = PBXFileReference; lastKnownFileType = sourcecode.swift; path = LoginViewController.swift; sourceTree = "<group>"; };
		85F61CCD2684A568003E2D34 /* LoginViewModel.swift */ = {isa = PBXFileReference; lastKnownFileType = sourcecode.swift; path = LoginViewModel.swift; sourceTree = "<group>"; };
		85F61CCF2688B5A8003E2D34 /* AppCoordinator.swift */ = {isa = PBXFileReference; lastKnownFileType = sourcecode.swift; path = AppCoordinator.swift; sourceTree = "<group>"; };
		85F61CD22688D8E9003E2D34 /* LoginCoordinator.swift */ = {isa = PBXFileReference; lastKnownFileType = sourcecode.swift; path = LoginCoordinator.swift; sourceTree = "<group>"; };
		85F61CD52688F82F003E2D34 /* RecipesCoordinator.swift */ = {isa = PBXFileReference; lastKnownFileType = sourcecode.swift; path = RecipesCoordinator.swift; sourceTree = "<group>"; };
		85F61CD8268912BD003E2D34 /* RecipeDetailsCoordinator.swift */ = {isa = PBXFileReference; lastKnownFileType = sourcecode.swift; path = RecipeDetailsCoordinator.swift; sourceTree = "<group>"; };
		85F61CDE2689C146003E2D34 /* RecipiesRXTests.xctest */ = {isa = PBXFileReference; explicitFileType = wrapper.cfbundle; includeInIndex = 0; path = RecipiesRXTests.xctest; sourceTree = BUILT_PRODUCTS_DIR; };
		85F61CE02689C146003E2D34 /* RecipiesRXTests.swift */ = {isa = PBXFileReference; lastKnownFileType = sourcecode.swift; path = RecipiesRXTests.swift; sourceTree = "<group>"; };
		85F61CE22689C146003E2D34 /* Info.plist */ = {isa = PBXFileReference; lastKnownFileType = text.plist.xml; path = Info.plist; sourceTree = "<group>"; };
		85F61CEB2689CC64003E2D34 /* LoginViewModelTests.swift */ = {isa = PBXFileReference; lastKnownFileType = sourcecode.swift; path = LoginViewModelTests.swift; sourceTree = "<group>"; };
		85F61CED2689DD11003E2D34 /* LoginCoordinatorMockup.swift */ = {isa = PBXFileReference; lastKnownFileType = sourcecode.swift; path = LoginCoordinatorMockup.swift; sourceTree = "<group>"; };
		85F61CF1268B4DF5003E2D34 /* RecipesViewControllerTests.swift */ = {isa = PBXFileReference; lastKnownFileType = sourcecode.swift; path = RecipesViewControllerTests.swift; sourceTree = "<group>"; };
		98AD73D6536939343BC017C5 /* Pods-RecipiesRX.debug.xcconfig */ = {isa = PBXFileReference; includeInIndex = 1; lastKnownFileType = text.xcconfig; name = "Pods-RecipiesRX.debug.xcconfig"; path = "Target Support Files/Pods-RecipiesRX/Pods-RecipiesRX.debug.xcconfig"; sourceTree = "<group>"; };
		9EA29372D93FD83345BCFCB2 /* Pods-RecipiesRX.release.xcconfig */ = {isa = PBXFileReference; includeInIndex = 1; lastKnownFileType = text.xcconfig; name = "Pods-RecipiesRX.release.xcconfig"; path = "Target Support Files/Pods-RecipiesRX/Pods-RecipiesRX.release.xcconfig"; sourceTree = "<group>"; };
		ADD56500DE8893DB2BE401B3 /* Pods-RecipiesRXTests.debug.xcconfig */ = {isa = PBXFileReference; includeInIndex = 1; lastKnownFileType = text.xcconfig; name = "Pods-RecipiesRXTests.debug.xcconfig"; path = "Target Support Files/Pods-RecipiesRXTests/Pods-RecipiesRXTests.debug.xcconfig"; sourceTree = "<group>"; };
/* End PBXFileReference section */

/* Begin PBXFrameworksBuildPhase section */
		85257EB9267F8251006E2F49 /* Frameworks */ = {
			isa = PBXFrameworksBuildPhase;
			buildActionMask = 2147483647;
			files = (
				8616DA0DDBADFAFB37BB6C60 /* Pods_RecipiesRX.framework in Frameworks */,
			);
			runOnlyForDeploymentPostprocessing = 0;
		};
		85F61CDB2689C146003E2D34 /* Frameworks */ = {
			isa = PBXFrameworksBuildPhase;
			buildActionMask = 2147483647;
			files = (
				862BBF6042FBD4F5FB23B2C0 /* Pods_RecipiesRXTests.framework in Frameworks */,
			);
			runOnlyForDeploymentPostprocessing = 0;
		};
/* End PBXFrameworksBuildPhase section */

/* Begin PBXGroup section */
		85257EB3267F8251006E2F49 = {
			isa = PBXGroup;
			children = (
				85257EBE267F8251006E2F49 /* RecipiesRX */,
				85F61CDF2689C146003E2D34 /* RecipiesRXTests */,
				85257EBD267F8251006E2F49 /* Products */,
				F8A2AB41C554E571AF985A34 /* Pods */,
				E8346DDEA73E623E94FFAB54 /* Frameworks */,
			);
			sourceTree = "<group>";
		};
		85257EBD267F8251006E2F49 /* Products */ = {
			isa = PBXGroup;
			children = (
				85257EBC267F8251006E2F49 /* RecipiesRX.app */,
				85F61CDE2689C146003E2D34 /* RecipiesRXTests.xctest */,
			);
			name = Products;
			sourceTree = "<group>";
		};
		85257EBE267F8251006E2F49 /* RecipiesRX */ = {
			isa = PBXGroup;
			children = (
				85F61CC626847E91003E2D34 /* Login */,
				85257EDC268087FB006E2F49 /* RecipeDetails */,
				85257ED6267F90CF006E2F49 /* Recipes */,
				85257ED5267F8D79006E2F49 /* Enity */,
				85257EBF267F8251006E2F49 /* AppDelegate.swift */,
				85257EC1267F8251006E2F49 /* SceneDelegate.swift */,
				85257EC8267F8253006E2F49 /* Assets.xcassets */,
				85257ECA267F8253006E2F49 /* LaunchScreen.storyboard */,
				85257ECD267F8253006E2F49 /* Info.plist */,
				85F61CCF2688B5A8003E2D34 /* AppCoordinator.swift */,
			);
			path = RecipiesRX;
			sourceTree = "<group>";
		};
		85257ED5267F8D79006E2F49 /* Enity */ = {
			isa = PBXGroup;
			children = (
				85257ED3267F8332006E2F49 /* Recipe.swift */,
			);
			path = Enity;
			sourceTree = "<group>";
		};
		85257ED6267F90CF006E2F49 /* Recipes */ = {
			isa = PBXGroup;
			children = (
				85F61CD42688F7E5003E2D34 /* Coordinator */,
				85DF829D2681E19F00C2978A /* ViewModel */,
				85257EDE2680880C006E2F49 /* View */,
			);
			path = Recipes;
			sourceTree = "<group>";
		};
		85257ED7267F9183006E2F49 /* Cell */ = {
			isa = PBXGroup;
			children = (
				85257ED8267F98B1006E2F49 /* RecipeTableViewCell.swift */,
				85257ED9267F98B1006E2F49 /* RecipeTableViewCell.xib */,
			);
			path = Cell;
			sourceTree = "<group>";
		};
		85257EDC268087FB006E2F49 /* RecipeDetails */ = {
			isa = PBXGroup;
			children = (
				85F61CD7268912A0003E2D34 /* Coordinator */,
				85F01FB126823D89008E12AF /* ViewModel */,
				85257EDD26808806006E2F49 /* View */,
			);
			path = RecipeDetails;
			sourceTree = "<group>";
		};
		85257EDD26808806006E2F49 /* View */ = {
			isa = PBXGroup;
			children = (
				85257EDF26808847006E2F49 /* RecipeDetailsViewController.swift */,
				85257EE12680885B006E2F49 /* RecipeDetails.storyboard */,
			);
			path = View;
			sourceTree = "<group>";
		};
		85257EDE2680880C006E2F49 /* View */ = {
			isa = PBXGroup;
			children = (
				85257EC5267F8251006E2F49 /* Main.storyboard */,
				85257EC3267F8251006E2F49 /* RecipesViewController.swift */,
				85257ED7267F9183006E2F49 /* Cell */,
			);
			path = View;
			sourceTree = "<group>";
		};
		85DF829D2681E19F00C2978A /* ViewModel */ = {
			isa = PBXGroup;
			children = (
				85DF829B2681E19600C2978A /* RecipesViewModel.swift */,
				85F01FAF26823704008E12AF /* RecipeUIModel.swift */,
			);
			path = ViewModel;
			sourceTree = "<group>";
		};
		85F01FB126823D89008E12AF /* ViewModel */ = {
			isa = PBXGroup;
			children = (
				85F01FB226823DAA008E12AF /* RecipeDetailsViewModel.swift */,
			);
			path = ViewModel;
			sourceTree = "<group>";
		};
		85F61CC626847E91003E2D34 /* Login */ = {
			isa = PBXGroup;
			children = (
				85F61CD12688D8D8003E2D34 /* Coordinator */,
				85F61CCC26849FED003E2D34 /* ViewModel */,
				85F61CC726847E9F003E2D34 /* View */,
			);
			path = Login;
			sourceTree = "<group>";
		};
		85F61CC726847E9F003E2D34 /* View */ = {
			isa = PBXGroup;
			children = (
				85F61CC826847EC4003E2D34 /* Login.storyboard */,
				85F61CCA26847F78003E2D34 /* LoginViewController.swift */,
			);
			path = View;
			sourceTree = "<group>";
		};
		85F61CCC26849FED003E2D34 /* ViewModel */ = {
			isa = PBXGroup;
			children = (
				85F61CCD2684A568003E2D34 /* LoginViewModel.swift */,
			);
			path = ViewModel;
			sourceTree = "<group>";
		};
		85F61CD12688D8D8003E2D34 /* Coordinator */ = {
			isa = PBXGroup;
			children = (
				85F61CD22688D8E9003E2D34 /* LoginCoordinator.swift */,
			);
			path = Coordinator;
			sourceTree = "<group>";
		};
		85F61CD42688F7E5003E2D34 /* Coordinator */ = {
			isa = PBXGroup;
			children = (
				85F61CD52688F82F003E2D34 /* RecipesCoordinator.swift */,
			);
			path = Coordinator;
			sourceTree = "<group>";
		};
		85F61CD7268912A0003E2D34 /* Coordinator */ = {
			isa = PBXGroup;
			children = (
				85F61CD8268912BD003E2D34 /* RecipeDetailsCoordinator.swift */,
			);
			path = Coordinator;
			sourceTree = "<group>";
		};
		85F61CDF2689C146003E2D34 /* RecipiesRXTests */ = {
			isa = PBXGroup;
			children = (
				85F61CEF268B4DC6003E2D34 /* Recipes */,
				85F61CE82689C83B003E2D34 /* Login */,
				85F61CE02689C146003E2D34 /* RecipiesRXTests.swift */,
				85F61CE22689C146003E2D34 /* Info.plist */,
			);
			path = RecipiesRXTests;
			sourceTree = "<group>";
		};
		85F61CE82689C83B003E2D34 /* Login */ = {
			isa = PBXGroup;
			children = (
				85F61CEA2689C856003E2D34 /* Mocks */,
				85F61CE92689C84D003E2D34 /* Tests */,
			);
			path = Login;
			sourceTree = "<group>";
		};
		85F61CE92689C84D003E2D34 /* Tests */ = {
			isa = PBXGroup;
			children = (
				85F61CEB2689CC64003E2D34 /* LoginViewModelTests.swift */,
			);
			path = Tests;
			sourceTree = "<group>";
		};
		85F61CEA2689C856003E2D34 /* Mocks */ = {
			isa = PBXGroup;
			children = (
				85F61CED2689DD11003E2D34 /* LoginCoordinatorMockup.swift */,
			);
			path = Mocks;
			sourceTree = "<group>";
		};
		85F61CEF268B4DC6003E2D34 /* Recipes */ = {
			isa = PBXGroup;
			children = (
				85F61CF0268B4DCF003E2D34 /* Tests */,
			);
			path = Recipes;
			sourceTree = "<group>";
		};
		85F61CF0268B4DCF003E2D34 /* Tests */ = {
			isa = PBXGroup;
			children = (
				85F61CF1268B4DF5003E2D34 /* RecipesViewControllerTests.swift */,
			);
			path = Tests;
			sourceTree = "<group>";
		};
		E8346DDEA73E623E94FFAB54 /* Frameworks */ = {
			isa = PBXGroup;
			children = (
				21863DB6588CA45AE7679EFC /* Pods_RecipiesRX.framework */,
				543708F3639C9429D85482CC /* Pods_RecipiesRXTests.framework */,
			);
			name = Frameworks;
			sourceTree = "<group>";
		};
		F8A2AB41C554E571AF985A34 /* Pods */ = {
			isa = PBXGroup;
			children = (
				98AD73D6536939343BC017C5 /* Pods-RecipiesRX.debug.xcconfig */,
				9EA29372D93FD83345BCFCB2 /* Pods-RecipiesRX.release.xcconfig */,
				ADD56500DE8893DB2BE401B3 /* Pods-RecipiesRXTests.debug.xcconfig */,
				2E787995D38FB7205D3005EB /* Pods-RecipiesRXTests.release.xcconfig */,
			);
			path = Pods;
			sourceTree = "<group>";
		};
/* End PBXGroup section */

/* Begin PBXNativeTarget section */
		85257EBB267F8251006E2F49 /* RecipiesRX */ = {
			isa = PBXNativeTarget;
			buildConfigurationList = 85257ED0267F8253006E2F49 /* Build configuration list for PBXNativeTarget "RecipiesRX" */;
			buildPhases = (
				C31AF3F6EF243FADFF654C5C /* [CP] Check Pods Manifest.lock */,
				85257EB8267F8251006E2F49 /* Sources */,
				85257EB9267F8251006E2F49 /* Frameworks */,
				85257EBA267F8251006E2F49 /* Resources */,
				7EC0B65B8D7CF9839D2518C5 /* [CP] Embed Pods Frameworks */,
			);
			buildRules = (
			);
			dependencies = (
			);
			name = RecipiesRX;
			productName = RecipiesRX;
			productReference = 85257EBC267F8251006E2F49 /* RecipiesRX.app */;
			productType = "com.apple.product-type.application";
		};
		85F61CDD2689C146003E2D34 /* RecipiesRXTests */ = {
			isa = PBXNativeTarget;
			buildConfigurationList = 85F61CE52689C146003E2D34 /* Build configuration list for PBXNativeTarget "RecipiesRXTests" */;
			buildPhases = (
				9CABE4515294E974D79CEB99 /* [CP] Check Pods Manifest.lock */,
				85F61CDA2689C146003E2D34 /* Sources */,
				85F61CDB2689C146003E2D34 /* Frameworks */,
				85F61CDC2689C146003E2D34 /* Resources */,
				43C04B9A961FF2B5F009FE53 /* [CP] Embed Pods Frameworks */,
			);
			buildRules = (
			);
			dependencies = (
				85F61CE42689C146003E2D34 /* PBXTargetDependency */,
			);
			name = RecipiesRXTests;
			productName = RecipiesRXTests;
			productReference = 85F61CDE2689C146003E2D34 /* RecipiesRXTests.xctest */;
			productType = "com.apple.product-type.bundle.unit-test";
		};
/* End PBXNativeTarget section */

/* Begin PBXProject section */
		85257EB4267F8251006E2F49 /* Project object */ = {
			isa = PBXProject;
			attributes = {
				LastSwiftUpdateCheck = 1250;
				LastUpgradeCheck = 1250;
				TargetAttributes = {
					85257EBB267F8251006E2F49 = {
						CreatedOnToolsVersion = 12.5;
					};
					85F61CDD2689C146003E2D34 = {
						CreatedOnToolsVersion = 12.5.1;
						TestTargetID = 85257EBB267F8251006E2F49;
					};
				};
			};
			buildConfigurationList = 85257EB7267F8251006E2F49 /* Build configuration list for PBXProject "RecipiesRX" */;
			compatibilityVersion = "Xcode 9.3";
			developmentRegion = en;
			hasScannedForEncodings = 0;
			knownRegions = (
				en,
				Base,
			);
			mainGroup = 85257EB3267F8251006E2F49;
			productRefGroup = 85257EBD267F8251006E2F49 /* Products */;
			projectDirPath = "";
			projectRoot = "";
			targets = (
				85257EBB267F8251006E2F49 /* RecipiesRX */,
				85F61CDD2689C146003E2D34 /* RecipiesRXTests */,
			);
		};
/* End PBXProject section */

/* Begin PBXResourcesBuildPhase section */
		85257EBA267F8251006E2F49 /* Resources */ = {
			isa = PBXResourcesBuildPhase;
			buildActionMask = 2147483647;
			files = (
				85257EE22680885B006E2F49 /* RecipeDetails.storyboard in Resources */,
				85257ECC267F8253006E2F49 /* LaunchScreen.storyboard in Resources */,
				85F61CC926847EC4003E2D34 /* Login.storyboard in Resources */,
				85257EC9267F8253006E2F49 /* Assets.xcassets in Resources */,
				85257EC7267F8251006E2F49 /* Main.storyboard in Resources */,
				85257EDB267F98B1006E2F49 /* RecipeTableViewCell.xib in Resources */,
			);
			runOnlyForDeploymentPostprocessing = 0;
		};
		85F61CDC2689C146003E2D34 /* Resources */ = {
			isa = PBXResourcesBuildPhase;
			buildActionMask = 2147483647;
			files = (
			);
			runOnlyForDeploymentPostprocessing = 0;
		};
/* End PBXResourcesBuildPhase section */

/* Begin PBXShellScriptBuildPhase section */
		43C04B9A961FF2B5F009FE53 /* [CP] Embed Pods Frameworks */ = {
			isa = PBXShellScriptBuildPhase;
			buildActionMask = 2147483647;
			files = (
			);
			inputFileListPaths = (
				"${PODS_ROOT}/Target Support Files/Pods-RecipiesRXTests/Pods-RecipiesRXTests-frameworks-${CONFIGURATION}-input-files.xcfilelist",
			);
			name = "[CP] Embed Pods Frameworks";
			outputFileListPaths = (
				"${PODS_ROOT}/Target Support Files/Pods-RecipiesRXTests/Pods-RecipiesRXTests-frameworks-${CONFIGURATION}-output-files.xcfilelist",
			);
			runOnlyForDeploymentPostprocessing = 0;
			shellPath = /bin/sh;
			shellScript = "\"${PODS_ROOT}/Target Support Files/Pods-RecipiesRXTests/Pods-RecipiesRXTests-frameworks.sh\"\n";
			showEnvVarsInLog = 0;
		};
		7EC0B65B8D7CF9839D2518C5 /* [CP] Embed Pods Frameworks */ = {
			isa = PBXShellScriptBuildPhase;
			buildActionMask = 2147483647;
			files = (
			);
			inputFileListPaths = (
				"${PODS_ROOT}/Target Support Files/Pods-RecipiesRX/Pods-RecipiesRX-frameworks-${CONFIGURATION}-input-files.xcfilelist",
			);
			name = "[CP] Embed Pods Frameworks";
			outputFileListPaths = (
				"${PODS_ROOT}/Target Support Files/Pods-RecipiesRX/Pods-RecipiesRX-frameworks-${CONFIGURATION}-output-files.xcfilelist",
			);
			runOnlyForDeploymentPostprocessing = 0;
			shellPath = /bin/sh;
			shellScript = "\"${PODS_ROOT}/Target Support Files/Pods-RecipiesRX/Pods-RecipiesRX-frameworks.sh\"\n";
			showEnvVarsInLog = 0;
		};
		9CABE4515294E974D79CEB99 /* [CP] Check Pods Manifest.lock */ = {
			isa = PBXShellScriptBuildPhase;
			buildActionMask = 2147483647;
			files = (
			);
			inputFileListPaths = (
			);
			inputPaths = (
				"${PODS_PODFILE_DIR_PATH}/Podfile.lock",
				"${PODS_ROOT}/Manifest.lock",
			);
			name = "[CP] Check Pods Manifest.lock";
			outputFileListPaths = (
			);
			outputPaths = (
				"$(DERIVED_FILE_DIR)/Pods-RecipiesRXTests-checkManifestLockResult.txt",
			);
			runOnlyForDeploymentPostprocessing = 0;
			shellPath = /bin/sh;
			shellScript = "diff \"${PODS_PODFILE_DIR_PATH}/Podfile.lock\" \"${PODS_ROOT}/Manifest.lock\" > /dev/null\nif [ $? != 0 ] ; then\n    # print error to STDERR\n    echo \"error: The sandbox is not in sync with the Podfile.lock. Run 'pod install' or update your CocoaPods installation.\" >&2\n    exit 1\nfi\n# This output is used by Xcode 'outputs' to avoid re-running this script phase.\necho \"SUCCESS\" > \"${SCRIPT_OUTPUT_FILE_0}\"\n";
			showEnvVarsInLog = 0;
		};
		C31AF3F6EF243FADFF654C5C /* [CP] Check Pods Manifest.lock */ = {
			isa = PBXShellScriptBuildPhase;
			buildActionMask = 2147483647;
			files = (
			);
			inputFileListPaths = (
			);
			inputPaths = (
				"${PODS_PODFILE_DIR_PATH}/Podfile.lock",
				"${PODS_ROOT}/Manifest.lock",
			);
			name = "[CP] Check Pods Manifest.lock";
			outputFileListPaths = (
			);
			outputPaths = (
				"$(DERIVED_FILE_DIR)/Pods-RecipiesRX-checkManifestLockResult.txt",
			);
			runOnlyForDeploymentPostprocessing = 0;
			shellPath = /bin/sh;
			shellScript = "diff \"${PODS_PODFILE_DIR_PATH}/Podfile.lock\" \"${PODS_ROOT}/Manifest.lock\" > /dev/null\nif [ $? != 0 ] ; then\n    # print error to STDERR\n    echo \"error: The sandbox is not in sync with the Podfile.lock. Run 'pod install' or update your CocoaPods installation.\" >&2\n    exit 1\nfi\n# This output is used by Xcode 'outputs' to avoid re-running this script phase.\necho \"SUCCESS\" > \"${SCRIPT_OUTPUT_FILE_0}\"\n";
			showEnvVarsInLog = 0;
		};
/* End PBXShellScriptBuildPhase section */

/* Begin PBXSourcesBuildPhase section */
		85257EB8267F8251006E2F49 /* Sources */ = {
			isa = PBXSourcesBuildPhase;
			buildActionMask = 2147483647;
			files = (
				85F61CCB26847F78003E2D34 /* LoginViewController.swift in Sources */,
				85F61CD9268912BD003E2D34 /* RecipeDetailsCoordinator.swift in Sources */,
				85F01FB026823704008E12AF /* RecipeUIModel.swift in Sources */,
				85F61CD62688F82F003E2D34 /* RecipesCoordinator.swift in Sources */,
				85257EC4267F8251006E2F49 /* RecipesViewController.swift in Sources */,
				85257EE026808847006E2F49 /* RecipeDetailsViewController.swift in Sources */,
				85257EDA267F98B1006E2F49 /* RecipeTableViewCell.swift in Sources */,
				85257EC0267F8251006E2F49 /* AppDelegate.swift in Sources */,
				85F61CD02688B5A8003E2D34 /* AppCoordinator.swift in Sources */,
				85257EC2267F8251006E2F49 /* SceneDelegate.swift in Sources */,
				85257ED4267F8332006E2F49 /* Recipe.swift in Sources */,
				85F61CCE2684A568003E2D34 /* LoginViewModel.swift in Sources */,
				85F01FB326823DAA008E12AF /* RecipeDetailsViewModel.swift in Sources */,
				85DF829C2681E19600C2978A /* RecipesViewModel.swift in Sources */,
				85F61CD32688D8E9003E2D34 /* LoginCoordinator.swift in Sources */,
			);
			runOnlyForDeploymentPostprocessing = 0;
		};
		85F61CDA2689C146003E2D34 /* Sources */ = {
			isa = PBXSourcesBuildPhase;
			buildActionMask = 2147483647;
			files = (
				85F61CF2268B4DF5003E2D34 /* RecipesViewControllerTests.swift in Sources */,
				85F61CEC2689CC64003E2D34 /* LoginViewModelTests.swift in Sources */,
				85F61CE12689C146003E2D34 /* RecipiesRXTests.swift in Sources */,
				85F61CEE2689DD11003E2D34 /* LoginCoordinatorMockup.swift in Sources */,
			);
			runOnlyForDeploymentPostprocessing = 0;
		};
/* End PBXSourcesBuildPhase section */

/* Begin PBXTargetDependency section */
		85F61CE42689C146003E2D34 /* PBXTargetDependency */ = {
			isa = PBXTargetDependency;
			target = 85257EBB267F8251006E2F49 /* RecipiesRX */;
			targetProxy = 85F61CE32689C146003E2D34 /* PBXContainerItemProxy */;
		};
/* End PBXTargetDependency section */

/* Begin PBXVariantGroup section */
		85257EC5267F8251006E2F49 /* Main.storyboard */ = {
			isa = PBXVariantGroup;
			children = (
				85257EC6267F8251006E2F49 /* Base */,
			);
			name = Main.storyboard;
			sourceTree = "<group>";
		};
		85257ECA267F8253006E2F49 /* LaunchScreen.storyboard */ = {
			isa = PBXVariantGroup;
			children = (
				85257ECB267F8253006E2F49 /* Base */,
			);
			name = LaunchScreen.storyboard;
			sourceTree = "<group>";
		};
/* End PBXVariantGroup section */

/* Begin XCBuildConfiguration section */
		85257ECE267F8253006E2F49 /* Debug */ = {
			isa = XCBuildConfiguration;
			buildSettings = {
				ALWAYS_SEARCH_USER_PATHS = NO;
				CLANG_ANALYZER_NONNULL = YES;
				CLANG_ANALYZER_NUMBER_OBJECT_CONVERSION = YES_AGGRESSIVE;
				CLANG_CXX_LANGUAGE_STANDARD = "gnu++14";
				CLANG_CXX_LIBRARY = "libc++";
				CLANG_ENABLE_MODULES = YES;
				CLANG_ENABLE_OBJC_ARC = YES;
				CLANG_ENABLE_OBJC_WEAK = YES;
				CLANG_WARN_BLOCK_CAPTURE_AUTORELEASING = YES;
				CLANG_WARN_BOOL_CONVERSION = YES;
				CLANG_WARN_COMMA = YES;
				CLANG_WARN_CONSTANT_CONVERSION = YES;
				CLANG_WARN_DEPRECATED_OBJC_IMPLEMENTATIONS = YES;
				CLANG_WARN_DIRECT_OBJC_ISA_USAGE = YES_ERROR;
				CLANG_WARN_DOCUMENTATION_COMMENTS = YES;
				CLANG_WARN_EMPTY_BODY = YES;
				CLANG_WARN_ENUM_CONVERSION = YES;
				CLANG_WARN_INFINITE_RECURSION = YES;
				CLANG_WARN_INT_CONVERSION = YES;
				CLANG_WARN_NON_LITERAL_NULL_CONVERSION = YES;
				CLANG_WARN_OBJC_IMPLICIT_RETAIN_SELF = YES;
				CLANG_WARN_OBJC_LITERAL_CONVERSION = YES;
				CLANG_WARN_OBJC_ROOT_CLASS = YES_ERROR;
				CLANG_WARN_QUOTED_INCLUDE_IN_FRAMEWORK_HEADER = YES;
				CLANG_WARN_RANGE_LOOP_ANALYSIS = YES;
				CLANG_WARN_STRICT_PROTOTYPES = YES;
				CLANG_WARN_SUSPICIOUS_MOVE = YES;
				CLANG_WARN_UNGUARDED_AVAILABILITY = YES_AGGRESSIVE;
				CLANG_WARN_UNREACHABLE_CODE = YES;
				CLANG_WARN__DUPLICATE_METHOD_MATCH = YES;
				COPY_PHASE_STRIP = NO;
				DEBUG_INFORMATION_FORMAT = dwarf;
				ENABLE_STRICT_OBJC_MSGSEND = YES;
				ENABLE_TESTABILITY = YES;
				GCC_C_LANGUAGE_STANDARD = gnu11;
				GCC_DYNAMIC_NO_PIC = NO;
				GCC_NO_COMMON_BLOCKS = YES;
				GCC_OPTIMIZATION_LEVEL = 0;
				GCC_PREPROCESSOR_DEFINITIONS = (
					"DEBUG=1",
					"$(inherited)",
				);
				GCC_WARN_64_TO_32_BIT_CONVERSION = YES;
				GCC_WARN_ABOUT_RETURN_TYPE = YES_ERROR;
				GCC_WARN_UNDECLARED_SELECTOR = YES;
				GCC_WARN_UNINITIALIZED_AUTOS = YES_AGGRESSIVE;
				GCC_WARN_UNUSED_FUNCTION = YES;
				GCC_WARN_UNUSED_VARIABLE = YES;
				IPHONEOS_DEPLOYMENT_TARGET = 14.5;
				MTL_ENABLE_DEBUG_INFO = INCLUDE_SOURCE;
				MTL_FAST_MATH = YES;
				ONLY_ACTIVE_ARCH = YES;
				SDKROOT = iphoneos;
				SWIFT_ACTIVE_COMPILATION_CONDITIONS = DEBUG;
				SWIFT_OPTIMIZATION_LEVEL = "-Onone";
			};
			name = Debug;
		};
		85257ECF267F8253006E2F49 /* Release */ = {
			isa = XCBuildConfiguration;
			buildSettings = {
				ALWAYS_SEARCH_USER_PATHS = NO;
				CLANG_ANALYZER_NONNULL = YES;
				CLANG_ANALYZER_NUMBER_OBJECT_CONVERSION = YES_AGGRESSIVE;
				CLANG_CXX_LANGUAGE_STANDARD = "gnu++14";
				CLANG_CXX_LIBRARY = "libc++";
				CLANG_ENABLE_MODULES = YES;
				CLANG_ENABLE_OBJC_ARC = YES;
				CLANG_ENABLE_OBJC_WEAK = YES;
				CLANG_WARN_BLOCK_CAPTURE_AUTORELEASING = YES;
				CLANG_WARN_BOOL_CONVERSION = YES;
				CLANG_WARN_COMMA = YES;
				CLANG_WARN_CONSTANT_CONVERSION = YES;
				CLANG_WARN_DEPRECATED_OBJC_IMPLEMENTATIONS = YES;
				CLANG_WARN_DIRECT_OBJC_ISA_USAGE = YES_ERROR;
				CLANG_WARN_DOCUMENTATION_COMMENTS = YES;
				CLANG_WARN_EMPTY_BODY = YES;
				CLANG_WARN_ENUM_CONVERSION = YES;
				CLANG_WARN_INFINITE_RECURSION = YES;
				CLANG_WARN_INT_CONVERSION = YES;
				CLANG_WARN_NON_LITERAL_NULL_CONVERSION = YES;
				CLANG_WARN_OBJC_IMPLICIT_RETAIN_SELF = YES;
				CLANG_WARN_OBJC_LITERAL_CONVERSION = YES;
				CLANG_WARN_OBJC_ROOT_CLASS = YES_ERROR;
				CLANG_WARN_QUOTED_INCLUDE_IN_FRAMEWORK_HEADER = YES;
				CLANG_WARN_RANGE_LOOP_ANALYSIS = YES;
				CLANG_WARN_STRICT_PROTOTYPES = YES;
				CLANG_WARN_SUSPICIOUS_MOVE = YES;
				CLANG_WARN_UNGUARDED_AVAILABILITY = YES_AGGRESSIVE;
				CLANG_WARN_UNREACHABLE_CODE = YES;
				CLANG_WARN__DUPLICATE_METHOD_MATCH = YES;
				COPY_PHASE_STRIP = NO;
				DEBUG_INFORMATION_FORMAT = "dwarf-with-dsym";
				ENABLE_NS_ASSERTIONS = NO;
				ENABLE_STRICT_OBJC_MSGSEND = YES;
				GCC_C_LANGUAGE_STANDARD = gnu11;
				GCC_NO_COMMON_BLOCKS = YES;
				GCC_WARN_64_TO_32_BIT_CONVERSION = YES;
				GCC_WARN_ABOUT_RETURN_TYPE = YES_ERROR;
				GCC_WARN_UNDECLARED_SELECTOR = YES;
				GCC_WARN_UNINITIALIZED_AUTOS = YES_AGGRESSIVE;
				GCC_WARN_UNUSED_FUNCTION = YES;
				GCC_WARN_UNUSED_VARIABLE = YES;
				IPHONEOS_DEPLOYMENT_TARGET = 14.5;
				MTL_ENABLE_DEBUG_INFO = NO;
				MTL_FAST_MATH = YES;
				SDKROOT = iphoneos;
				SWIFT_COMPILATION_MODE = wholemodule;
				SWIFT_OPTIMIZATION_LEVEL = "-O";
				VALIDATE_PRODUCT = YES;
			};
			name = Release;
		};
		85257ED1267F8253006E2F49 /* Debug */ = {
			isa = XCBuildConfiguration;
			baseConfigurationReference = 98AD73D6536939343BC017C5 /* Pods-RecipiesRX.debug.xcconfig */;
			buildSettings = {
				ASSETCATALOG_COMPILER_APPICON_NAME = AppIcon;
				ASSETCATALOG_COMPILER_GLOBAL_ACCENT_COLOR_NAME = AccentColor;
				CODE_SIGN_STYLE = Automatic;
				DEVELOPMENT_TEAM = MK2993L76F;
				INFOPLIST_FILE = RecipiesRX/Info.plist;
				LD_RUNPATH_SEARCH_PATHS = (
					"$(inherited)",
					"@executable_path/Frameworks",
				);
				PRODUCT_BUNDLE_IDENTIFIER = com.yehiasamak.RecipiesRX;
				PRODUCT_NAME = "$(TARGET_NAME)";
				SWIFT_VERSION = 5.0;
				TARGETED_DEVICE_FAMILY = "1,2";
			};
			name = Debug;
		};
		85257ED2267F8253006E2F49 /* Release */ = {
			isa = XCBuildConfiguration;
			baseConfigurationReference = 9EA29372D93FD83345BCFCB2 /* Pods-RecipiesRX.release.xcconfig */;
			buildSettings = {
				ASSETCATALOG_COMPILER_APPICON_NAME = AppIcon;
				ASSETCATALOG_COMPILER_GLOBAL_ACCENT_COLOR_NAME = AccentColor;
				CODE_SIGN_STYLE = Automatic;
				DEVELOPMENT_TEAM = MK2993L76F;
				INFOPLIST_FILE = RecipiesRX/Info.plist;
				LD_RUNPATH_SEARCH_PATHS = (
					"$(inherited)",
					"@executable_path/Frameworks",
				);
				PRODUCT_BUNDLE_IDENTIFIER = com.yehiasamak.RecipiesRX;
				PRODUCT_NAME = "$(TARGET_NAME)";
				SWIFT_VERSION = 5.0;
				TARGETED_DEVICE_FAMILY = "1,2";
			};
			name = Release;
		};
		85F61CE62689C146003E2D34 /* Debug */ = {
			isa = XCBuildConfiguration;
			baseConfigurationReference = ADD56500DE8893DB2BE401B3 /* Pods-RecipiesRXTests.debug.xcconfig */;
			buildSettings = {
				BUNDLE_LOADER = "$(TEST_HOST)";
				CODE_SIGN_STYLE = Automatic;
				INFOPLIST_FILE = RecipiesRXTests/Info.plist;
				LD_RUNPATH_SEARCH_PATHS = (
					"$(inherited)",
					"@executable_path/Frameworks",
					"@loader_path/Frameworks",
				);
				PRODUCT_BUNDLE_IDENTIFIER = com.ysamak17.RecipiesRXTests;
				PRODUCT_NAME = "$(TARGET_NAME)";
				SWIFT_VERSION = 5.0;
				TARGETED_DEVICE_FAMILY = "1,2";
				TEST_HOST = "$(BUILT_PRODUCTS_DIR)/RecipiesRX.app/RecipiesRX";
			};
			name = Debug;
		};
		85F61CE72689C146003E2D34 /* Release */ = {
			isa = XCBuildConfiguration;
			baseConfigurationReference = 2E787995D38FB7205D3005EB /* Pods-RecipiesRXTests.release.xcconfig */;
			buildSettings = {
				BUNDLE_LOADER = "$(TEST_HOST)";
				CODE_SIGN_STYLE = Automatic;
				INFOPLIST_FILE = RecipiesRXTests/Info.plist;
				LD_RUNPATH_SEARCH_PATHS = (
					"$(inherited)",
					"@executable_path/Frameworks",
					"@loader_path/Frameworks",
				);
				PRODUCT_BUNDLE_IDENTIFIER = com.ysamak17.RecipiesRXTests;
				PRODUCT_NAME = "$(TARGET_NAME)";
				SWIFT_VERSION = 5.0;
				TARGETED_DEVICE_FAMILY = "1,2";
				TEST_HOST = "$(BUILT_PRODUCTS_DIR)/RecipiesRX.app/RecipiesRX";
			};
			name = Release;
		};
/* End XCBuildConfiguration section */

/* Begin XCConfigurationList section */
		85257EB7267F8251006E2F49 /* Build configuration list for PBXProject "RecipiesRX" */ = {
			isa = XCConfigurationList;
			buildConfigurations = (
				85257ECE267F8253006E2F49 /* Debug */,
				85257ECF267F8253006E2F49 /* Release */,
			);
			defaultConfigurationIsVisible = 0;
			defaultConfigurationName = Release;
		};
		85257ED0267F8253006E2F49 /* Build configuration list for PBXNativeTarget "RecipiesRX" */ = {
			isa = XCConfigurationList;
			buildConfigurations = (
				85257ED1267F8253006E2F49 /* Debug */,
				85257ED2267F8253006E2F49 /* Release */,
			);
			defaultConfigurationIsVisible = 0;
			defaultConfigurationName = Release;
		};
		85F61CE52689C146003E2D34 /* Build configuration list for PBXNativeTarget "RecipiesRXTests" */ = {
			isa = XCConfigurationList;
			buildConfigurations = (
				85F61CE62689C146003E2D34 /* Debug */,
				85F61CE72689C146003E2D34 /* Release */,
			);
			defaultConfigurationIsVisible = 0;
			defaultConfigurationName = Release;
		};
/* End XCConfigurationList section */
	};
	rootObject = 85257EB4267F8251006E2F49 /* Project object */;
}
